// !$*UTF8*$!
{
	archiveVersion = 1;
	classes = {
	};
	objectVersion = 45;
	objects = {

/* Begin PBXBuildFile section */
		1D3623260D0F684500981E51 /* AppDelegate.m in Sources */ = {isa = PBXBuildFile; fileRef = 1D3623250D0F684500981E51 /* AppDelegate.m */; };
		1D60589B0D05DD56006BFB54 /* main.m in Sources */ = {isa = PBXBuildFile; fileRef = 29B97316FDCFA39411CA2CEA /* main.m */; };
		1D60589F0D05DD5A006BFB54 /* Foundation.framework in Frameworks */ = {isa = PBXBuildFile; fileRef = 1D30AB110D05D00D00671497 /* Foundation.framework */; };
		1DF5F4E00D08C38300B7A737 /* UIKit.framework in Frameworks */ = {isa = PBXBuildFile; fileRef = 1DF5F4DF0D08C38300B7A737 /* UIKit.framework */; };
		730584F80E5717D90051D533 /* TictactoeViewController.mm in Sources */ = {isa = PBXBuildFile; fileRef = 730584F60E5717D90051D533 /* TictactoeViewController.mm */; };
		730584F90E5717D90051D533 /* PongViewController.mm in Sources */ = {isa = PBXBuildFile; fileRef = 730584F70E5717D90051D533 /* PongViewController.mm */; };
		730B25B10E54D88800FD059A /* QuartzCore.framework in Frameworks */ = {isa = PBXBuildFile; fileRef = 730B25B00E54D88800FD059A /* QuartzCore.framework */; };
		730B261F0E54DE6900FD059A /* icon.png in Resources */ = {isa = PBXBuildFile; fileRef = 730B261E0E54DE6900FD059A /* icon.png */; };
		730B26280E54DE9600FD059A /* background.png in Resources */ = {isa = PBXBuildFile; fileRef = 730B26270E54DE9600FD059A /* background.png */; };
		732491930E85DAEA004879FB /* TictactoeGameView.m in Sources */ = {isa = PBXBuildFile; fileRef = 732491920E85DAEA004879FB /* TictactoeGameView.m */; };
		735DE91C0E4BC3F8009B2A88 /* ConsoleViewController.m in Sources */ = {isa = PBXBuildFile; fileRef = 735DE9190E4BC3F8009B2A88 /* ConsoleViewController.m */; };
		735DE91D0E4BC3F8009B2A88 /* MainViewController.m in Sources */ = {isa = PBXBuildFile; fileRef = 735DE91B0E4BC3F8009B2A88 /* MainViewController.m */; };
		735DE9210E4BC415009B2A88 /* MainWindow.xib in Resources */ = {isa = PBXBuildFile; fileRef = 735DE91E0E4BC415009B2A88 /* MainWindow.xib */; };
		735DE9220E4BC415009B2A88 /* MainViewController.xib in Resources */ = {isa = PBXBuildFile; fileRef = 735DE91F0E4BC415009B2A88 /* MainViewController.xib */; };
		735DE9230E4BC415009B2A88 /* ConsoleViewController.xib in Resources */ = {isa = PBXBuildFile; fileRef = 735DE9200E4BC415009B2A88 /* ConsoleViewController.xib */; };
		7376D7300E5E28D000B72D23 /* glu.cpp in Sources */ = {isa = PBXBuildFile; fileRef = 7376D72E0E5E28D000B72D23 /* glu.cpp */; };
		737867280E54334F00B26209 /* PongView.m in Sources */ = {isa = PBXBuildFile; fileRef = 737867270E54334F00B26209 /* PongView.m */; };
		737867DF0E54568E00B26209 /* ball.png in Resources */ = {isa = PBXBuildFile; fileRef = 737867DD0E54568E00B26209 /* ball.png */; };
		737867E00E54568E00B26209 /* paddle.png in Resources */ = {isa = PBXBuildFile; fileRef = 737867DE0E54568E00B26209 /* paddle.png */; };
		737867E20E5456C500B26209 /* touchpad.png in Resources */ = {isa = PBXBuildFile; fileRef = 737867E10E5456C500B26209 /* touchpad.png */; };
		737867E40E54573100B26209 /* title.png in Resources */ = {isa = PBXBuildFile; fileRef = 737867E30E54573100B26209 /* title.png */; };
		737868890E545C2200B26209 /* PongViewController.xib in Resources */ = {isa = PBXBuildFile; fileRef = 737868880E545C2200B26209 /* PongViewController.xib */; };
		737869950E54AC5700B26209 /* OpenGLES.framework in Frameworks */ = {isa = PBXBuildFile; fileRef = 737869940E54AC5700B26209 /* OpenGLES.framework */; };
		737869A30E54ACA400B26209 /* CoreGraphics.framework in Frameworks */ = {isa = PBXBuildFile; fileRef = 737869A20E54ACA400B26209 /* CoreGraphics.framework */; };
		739055E50E5C210500BFBC53 /* SoundEngine.cpp in Sources */ = {isa = PBXBuildFile; fileRef = 739055E40E5C210500BFBC53 /* SoundEngine.cpp */; };
		739056250E5C21CD00BFBC53 /* AudioToolbox.framework in Frameworks */ = {isa = PBXBuildFile; fileRef = 739056240E5C21CD00BFBC53 /* AudioToolbox.framework */; };
		739056290E5C21E300BFBC53 /* CoreAudio.framework in Frameworks */ = {isa = PBXBuildFile; fileRef = 739056280E5C21E300BFBC53 /* CoreAudio.framework */; };
		739056BE0E5C225000BFBC53 /* OpenAL.framework in Frameworks */ = {isa = PBXBuildFile; fileRef = 739056BD0E5C225000BFBC53 /* OpenAL.framework */; };
		73B37D820E5D1D9A00724D45 /* DebugDraw.mm in Sources */ = {isa = PBXBuildFile; fileRef = 73B37D810E5D1D9A00724D45 /* DebugDraw.mm */; };
		73C378250E57159600789EA9 /* Texture2D.m in Sources */ = {isa = PBXBuildFile; fileRef = 73C378210E57159600789EA9 /* Texture2D.m */; };
		73C378260E57159600789EA9 /* EAGLView.m in Sources */ = {isa = PBXBuildFile; fileRef = 73C378220E57159600789EA9 /* EAGLView.m */; };
		73C378700E5715AD00789EA9 /* b2BroadPhase.cpp in Sources */ = {isa = PBXBuildFile; fileRef = 73C3782E0E5715AD00789EA9 /* b2BroadPhase.cpp */; };
		73C378710E5715AD00789EA9 /* b2CollideCircle.cpp in Sources */ = {isa = PBXBuildFile; fileRef = 73C378300E5715AD00789EA9 /* b2CollideCircle.cpp */; };
		73C378720E5715AD00789EA9 /* b2CollidePoly.cpp in Sources */ = {isa = PBXBuildFile; fileRef = 73C378310E5715AD00789EA9 /* b2CollidePoly.cpp */; };
		73C378730E5715AD00789EA9 /* b2Collision.cpp in Sources */ = {isa = PBXBuildFile; fileRef = 73C378320E5715AD00789EA9 /* b2Collision.cpp */; };
		73C378740E5715AD00789EA9 /* b2Distance.cpp in Sources */ = {isa = PBXBuildFile; fileRef = 73C378340E5715AD00789EA9 /* b2Distance.cpp */; };
		73C378750E5715AD00789EA9 /* b2PairManager.cpp in Sources */ = {isa = PBXBuildFile; fileRef = 73C378350E5715AD00789EA9 /* b2PairManager.cpp */; };
		73C378760E5715AD00789EA9 /* b2TimeOfImpact.cpp in Sources */ = {isa = PBXBuildFile; fileRef = 73C378370E5715AD00789EA9 /* b2TimeOfImpact.cpp */; };
		73C378770E5715AD00789EA9 /* b2CircleShape.cpp in Sources */ = {isa = PBXBuildFile; fileRef = 73C378390E5715AD00789EA9 /* b2CircleShape.cpp */; };
		73C378780E5715AD00789EA9 /* b2PolygonShape.cpp in Sources */ = {isa = PBXBuildFile; fileRef = 73C3783B0E5715AD00789EA9 /* b2PolygonShape.cpp */; };
		73C378790E5715AD00789EA9 /* b2Shape.cpp in Sources */ = {isa = PBXBuildFile; fileRef = 73C3783D0E5715AD00789EA9 /* b2Shape.cpp */; };
		73C3787A0E5715AD00789EA9 /* b2BlockAllocator.cpp in Sources */ = {isa = PBXBuildFile; fileRef = 73C378400E5715AD00789EA9 /* b2BlockAllocator.cpp */; };
		73C3787B0E5715AD00789EA9 /* b2Math.cpp in Sources */ = {isa = PBXBuildFile; fileRef = 73C378420E5715AD00789EA9 /* b2Math.cpp */; };
		73C3787C0E5715AD00789EA9 /* b2Settings.cpp in Sources */ = {isa = PBXBuildFile; fileRef = 73C378440E5715AD00789EA9 /* b2Settings.cpp */; };
		73C3787D0E5715AD00789EA9 /* b2StackAllocator.cpp in Sources */ = {isa = PBXBuildFile; fileRef = 73C378460E5715AD00789EA9 /* b2StackAllocator.cpp */; };
		73C3787E0E5715AD00789EA9 /* b2Body.cpp in Sources */ = {isa = PBXBuildFile; fileRef = 73C3784B0E5715AD00789EA9 /* b2Body.cpp */; };
		73C3787F0E5715AD00789EA9 /* b2ContactManager.cpp in Sources */ = {isa = PBXBuildFile; fileRef = 73C3784D0E5715AD00789EA9 /* b2ContactManager.cpp */; };
		73C378800E5715AD00789EA9 /* b2Island.cpp in Sources */ = {isa = PBXBuildFile; fileRef = 73C3784F0E5715AD00789EA9 /* b2Island.cpp */; };
		73C378810E5715AD00789EA9 /* b2World.cpp in Sources */ = {isa = PBXBuildFile; fileRef = 73C378510E5715AD00789EA9 /* b2World.cpp */; };
		73C378820E5715AD00789EA9 /* b2WorldCallbacks.cpp in Sources */ = {isa = PBXBuildFile; fileRef = 73C378530E5715AD00789EA9 /* b2WorldCallbacks.cpp */; };
		73C378830E5715AD00789EA9 /* b2CircleContact.cpp in Sources */ = {isa = PBXBuildFile; fileRef = 73C378560E5715AD00789EA9 /* b2CircleContact.cpp */; };
		73C378840E5715AD00789EA9 /* b2Contact.cpp in Sources */ = {isa = PBXBuildFile; fileRef = 73C378580E5715AD00789EA9 /* b2Contact.cpp */; };
		73C378850E5715AD00789EA9 /* b2ContactSolver.cpp in Sources */ = {isa = PBXBuildFile; fileRef = 73C3785A0E5715AD00789EA9 /* b2ContactSolver.cpp */; };
		73C378860E5715AD00789EA9 /* b2PolyAndCircleContact.cpp in Sources */ = {isa = PBXBuildFile; fileRef = 73C3785D0E5715AD00789EA9 /* b2PolyAndCircleContact.cpp */; };
		73C378870E5715AD00789EA9 /* b2PolyContact.cpp in Sources */ = {isa = PBXBuildFile; fileRef = 73C3785F0E5715AD00789EA9 /* b2PolyContact.cpp */; };
		73C378880E5715AD00789EA9 /* b2DistanceJoint.cpp in Sources */ = {isa = PBXBuildFile; fileRef = 73C378620E5715AD00789EA9 /* b2DistanceJoint.cpp */; };
		73C378890E5715AD00789EA9 /* b2GearJoint.cpp in Sources */ = {isa = PBXBuildFile; fileRef = 73C378640E5715AD00789EA9 /* b2GearJoint.cpp */; };
		73C3788A0E5715AD00789EA9 /* b2Joint.cpp in Sources */ = {isa = PBXBuildFile; fileRef = 73C378660E5715AD00789EA9 /* b2Joint.cpp */; };
		73C3788B0E5715AD00789EA9 /* b2MouseJoint.cpp in Sources */ = {isa = PBXBuildFile; fileRef = 73C378680E5715AD00789EA9 /* b2MouseJoint.cpp */; };
		73C3788C0E5715AD00789EA9 /* b2PrismaticJoint.cpp in Sources */ = {isa = PBXBuildFile; fileRef = 73C3786A0E5715AD00789EA9 /* b2PrismaticJoint.cpp */; };
		73C3788D0E5715AD00789EA9 /* b2PulleyJoint.cpp in Sources */ = {isa = PBXBuildFile; fileRef = 73C3786C0E5715AD00789EA9 /* b2PulleyJoint.cpp */; };
		73C3788E0E5715AD00789EA9 /* b2RevoluteJoint.cpp in Sources */ = {isa = PBXBuildFile; fileRef = 73C3786E0E5715AD00789EA9 /* b2RevoluteJoint.cpp */; };
/* End PBXBuildFile section */

/* Begin PBXFileReference section */
		1D30AB110D05D00D00671497 /* Foundation.framework */ = {isa = PBXFileReference; lastKnownFileType = wrapper.framework; name = Foundation.framework; path = System/Library/Frameworks/Foundation.framework; sourceTree = SDKROOT; };
		1D3623240D0F684500981E51 /* AppDelegate.h */ = {isa = PBXFileReference; fileEncoding = 4; lastKnownFileType = sourcecode.c.h; path = AppDelegate.h; sourceTree = "<group>"; };
		1D3623250D0F684500981E51 /* AppDelegate.m */ = {isa = PBXFileReference; fileEncoding = 4; lastKnownFileType = sourcecode.c.objc; path = AppDelegate.m; sourceTree = "<group>"; };
		1D6058910D05DD3D006BFB54 /* Sandbox.app */ = {isa = PBXFileReference; explicitFileType = wrapper.application; includeInIndex = 0; path = Sandbox.app; sourceTree = BUILT_PRODUCTS_DIR; };
		1DF5F4DF0D08C38300B7A737 /* UIKit.framework */ = {isa = PBXFileReference; lastKnownFileType = wrapper.framework; name = UIKit.framework; path = System/Library/Frameworks/UIKit.framework; sourceTree = SDKROOT; };
		29B97316FDCFA39411CA2CEA /* main.m */ = {isa = PBXFileReference; fileEncoding = 4; lastKnownFileType = sourcecode.c.objc; path = main.m; sourceTree = "<group>"; };
		32CA4F630368D1EE00C91783 /* Sandbox_Prefix.pch */ = {isa = PBXFileReference; fileEncoding = 4; lastKnownFileType = sourcecode.c.h; path = Sandbox_Prefix.pch; sourceTree = "<group>"; };
		730584F60E5717D90051D533 /* TictactoeViewController.mm */ = {isa = PBXFileReference; fileEncoding = 4; lastKnownFileType = sourcecode.cpp.objcpp; name = TictactoeViewController.mm; path = Classes/TictactoeViewController.mm; sourceTree = "<group>"; };
		730584F70E5717D90051D533 /* PongViewController.mm */ = {isa = PBXFileReference; explicitFileType = sourcecode.cpp.objcpp; fileEncoding = 4; name = PongViewController.mm; path = Classes/PongViewController.mm; sourceTree = "<group>"; };
		730B23930E54C75C00FD059A /* TictactoeViewController.h */ = {isa = PBXFileReference; fileEncoding = 4; lastKnownFileType = sourcecode.c.h; name = TictactoeViewController.h; path = Classes/TictactoeViewController.h; sourceTree = "<group>"; };
		730B25B00E54D88800FD059A /* QuartzCore.framework */ = {isa = PBXFileReference; lastKnownFileType = wrapper.framework; name = QuartzCore.framework; path = System/Library/Frameworks/QuartzCore.framework; sourceTree = SDKROOT; };
		730B261E0E54DE6900FD059A /* icon.png */ = {isa = PBXFileReference; lastKnownFileType = image.png; path = icon.png; sourceTree = "<group>"; };
		730B26270E54DE9600FD059A /* background.png */ = {isa = PBXFileReference; lastKnownFileType = image.png; name = background.png; path = Resources/background.png; sourceTree = "<group>"; };
		7322058E0E52BE1B006E5599 /* PongViewController.h */ = {isa = PBXFileReference; explicitFileType = sourcecode.c.h; fileEncoding = 4; name = PongViewController.h; path = Classes/PongViewController.h; sourceTree = "<group>"; };
		732491910E85DAEA004879FB /* TictactoeGameView.h */ = {isa = PBXFileReference; fileEncoding = 4; lastKnownFileType = sourcecode.c.h; name = TictactoeGameView.h; path = Classes/TictactoeGameView.h; sourceTree = "<group>"; };
		732491920E85DAEA004879FB /* TictactoeGameView.m */ = {isa = PBXFileReference; fileEncoding = 4; lastKnownFileType = sourcecode.c.objc; name = TictactoeGameView.m; path = Classes/TictactoeGameView.m; sourceTree = "<group>"; };
		735DE9180E4BC3F8009B2A88 /* ConsoleViewController.h */ = {isa = PBXFileReference; fileEncoding = 4; lastKnownFileType = sourcecode.c.h; name = ConsoleViewController.h; path = Classes/ConsoleViewController.h; sourceTree = "<group>"; };
		735DE9190E4BC3F8009B2A88 /* ConsoleViewController.m */ = {isa = PBXFileReference; fileEncoding = 4; lastKnownFileType = sourcecode.c.objc; name = ConsoleViewController.m; path = Classes/ConsoleViewController.m; sourceTree = "<group>"; };
		735DE91A0E4BC3F8009B2A88 /* MainViewController.h */ = {isa = PBXFileReference; fileEncoding = 4; lastKnownFileType = sourcecode.c.h; name = MainViewController.h; path = Classes/MainViewController.h; sourceTree = "<group>"; };
		735DE91B0E4BC3F8009B2A88 /* MainViewController.m */ = {isa = PBXFileReference; fileEncoding = 4; lastKnownFileType = sourcecode.c.objc; name = MainViewController.m; path = Classes/MainViewController.m; sourceTree = "<group>"; };
		735DE91E0E4BC415009B2A88 /* MainWindow.xib */ = {isa = PBXFileReference; lastKnownFileType = file.xib; name = MainWindow.xib; path = Resources/MainWindow.xib; sourceTree = "<group>"; };
		735DE91F0E4BC415009B2A88 /* MainViewController.xib */ = {isa = PBXFileReference; lastKnownFileType = file.xib; name = MainViewController.xib; path = Resources/MainViewController.xib; sourceTree = "<group>"; };
		735DE9200E4BC415009B2A88 /* ConsoleViewController.xib */ = {isa = PBXFileReference; lastKnownFileType = file.xib; name = ConsoleViewController.xib; path = Resources/ConsoleViewController.xib; sourceTree = "<group>"; };
		7376D72E0E5E28D000B72D23 /* glu.cpp */ = {isa = PBXFileReference; fileEncoding = 4; lastKnownFileType = sourcecode.cpp.cpp; name = glu.cpp; path = Vendors/glu.cpp; sourceTree = "<group>"; };
		7376D72F0E5E28D000B72D23 /* glu.h */ = {isa = PBXFileReference; fileEncoding = 4; lastKnownFileType = sourcecode.c.h; name = glu.h; path = Vendors/glu.h; sourceTree = "<group>"; };
		737867260E54334F00B26209 /* PongView.h */ = {isa = PBXFileReference; fileEncoding = 4; lastKnownFileType = sourcecode.c.h; name = PongView.h; path = Classes/PongView.h; sourceTree = "<group>"; };
		737867270E54334F00B26209 /* PongView.m */ = {isa = PBXFileReference; fileEncoding = 4; lastKnownFileType = sourcecode.c.objc; name = PongView.m; path = Classes/PongView.m; sourceTree = "<group>"; };
		737867DD0E54568E00B26209 /* ball.png */ = {isa = PBXFileReference; lastKnownFileType = image.png; name = ball.png; path = Resources/ball.png; sourceTree = "<group>"; };
		737867DE0E54568E00B26209 /* paddle.png */ = {isa = PBXFileReference; lastKnownFileType = image.png; name = paddle.png; path = Resources/paddle.png; sourceTree = "<group>"; };
		737867E10E5456C500B26209 /* touchpad.png */ = {isa = PBXFileReference; lastKnownFileType = image.png; name = touchpad.png; path = Resources/touchpad.png; sourceTree = "<group>"; };
		737867E30E54573100B26209 /* title.png */ = {isa = PBXFileReference; lastKnownFileType = image.png; name = title.png; path = Resources/title.png; sourceTree = "<group>"; };
		737868880E545C2200B26209 /* PongViewController.xib */ = {isa = PBXFileReference; lastKnownFileType = file.xib; name = PongViewController.xib; path = Resources/PongViewController.xib; sourceTree = "<group>"; };
		737869940E54AC5700B26209 /* OpenGLES.framework */ = {isa = PBXFileReference; lastKnownFileType = wrapper.framework; name = OpenGLES.framework; path = System/Library/Frameworks/OpenGLES.framework; sourceTree = SDKROOT; };
		737869A20E54ACA400B26209 /* CoreGraphics.framework */ = {isa = PBXFileReference; lastKnownFileType = wrapper.framework; name = CoreGraphics.framework; path = System/Library/Frameworks/CoreGraphics.framework; sourceTree = SDKROOT; };
		739055E30E5C210500BFBC53 /* SoundEngine.h */ = {isa = PBXFileReference; fileEncoding = 4; lastKnownFileType = sourcecode.c.h; name = SoundEngine.h; path = Vendors/SoundEngine.h; sourceTree = "<group>"; };
		739055E40E5C210500BFBC53 /* SoundEngine.cpp */ = {isa = PBXFileReference; fileEncoding = 4; lastKnownFileType = sourcecode.cpp.cpp; name = SoundEngine.cpp; path = Vendors/SoundEngine.cpp; sourceTree = "<group>"; };
		739056240E5C21CD00BFBC53 /* AudioToolbox.framework */ = {isa = PBXFileReference; lastKnownFileType = wrapper.framework; name = AudioToolbox.framework; path = System/Library/Frameworks/AudioToolbox.framework; sourceTree = SDKROOT; };
		739056280E5C21E300BFBC53 /* CoreAudio.framework */ = {isa = PBXFileReference; lastKnownFileType = wrapper.framework; name = CoreAudio.framework; path = System/Library/Frameworks/CoreAudio.framework; sourceTree = SDKROOT; };
		739056BD0E5C225000BFBC53 /* OpenAL.framework */ = {isa = PBXFileReference; lastKnownFileType = wrapper.framework; name = OpenAL.framework; path = System/Library/Frameworks/OpenAL.framework; sourceTree = SDKROOT; };
		73B37D800E5D1D9A00724D45 /* DebugDraw.h */ = {isa = PBXFileReference; fileEncoding = 4; lastKnownFileType = sourcecode.c.h; path = DebugDraw.h; sourceTree = "<group>"; };
		73B37D810E5D1D9A00724D45 /* DebugDraw.mm */ = {isa = PBXFileReference; fileEncoding = 4; lastKnownFileType = sourcecode.cpp.objcpp; path = DebugDraw.mm; sourceTree = "<group>"; };
		73C378210E57159600789EA9 /* Texture2D.m */ = {isa = PBXFileReference; fileEncoding = 4; lastKnownFileType = sourcecode.c.objc; name = Texture2D.m; path = Vendors/Texture2D.m; sourceTree = "<group>"; };
		73C378220E57159600789EA9 /* EAGLView.m */ = {isa = PBXFileReference; fileEncoding = 4; lastKnownFileType = sourcecode.c.objc; name = EAGLView.m; path = Vendors/EAGLView.m; sourceTree = "<group>"; };
		73C378230E57159600789EA9 /* EAGLView.h */ = {isa = PBXFileReference; fileEncoding = 4; lastKnownFileType = sourcecode.c.h; name = EAGLView.h; path = Vendors/EAGLView.h; sourceTree = "<group>"; };
		73C378240E57159600789EA9 /* Texture2D.h */ = {isa = PBXFileReference; fileEncoding = 4; lastKnownFileType = sourcecode.c.h; name = Texture2D.h; path = Vendors/Texture2D.h; sourceTree = "<group>"; };
		73C3782B0E5715AD00789EA9 /* Box2D.h */ = {isa = PBXFileReference; fileEncoding = 4; lastKnownFileType = sourcecode.c.h; path = Box2D.h; sourceTree = "<group>"; };
		73C3782E0E5715AD00789EA9 /* b2BroadPhase.cpp */ = {isa = PBXFileReference; fileEncoding = 4; lastKnownFileType = sourcecode.cpp.cpp; path = b2BroadPhase.cpp; sourceTree = "<group>"; };
		73C3782F0E5715AD00789EA9 /* b2BroadPhase.h */ = {isa = PBXFileReference; fileEncoding = 4; lastKnownFileType = sourcecode.c.h; path = b2BroadPhase.h; sourceTree = "<group>"; };
		73C378300E5715AD00789EA9 /* b2CollideCircle.cpp */ = {isa = PBXFileReference; fileEncoding = 4; lastKnownFileType = sourcecode.cpp.cpp; path = b2CollideCircle.cpp; sourceTree = "<group>"; };
		73C378310E5715AD00789EA9 /* b2CollidePoly.cpp */ = {isa = PBXFileReference; fileEncoding = 4; lastKnownFileType = sourcecode.cpp.cpp; path = b2CollidePoly.cpp; sourceTree = "<group>"; };
		73C378320E5715AD00789EA9 /* b2Collision.cpp */ = {isa = PBXFileReference; fileEncoding = 4; lastKnownFileType = sourcecode.cpp.cpp; path = b2Collision.cpp; sourceTree = "<group>"; };
		73C378330E5715AD00789EA9 /* b2Collision.h */ = {isa = PBXFileReference; fileEncoding = 4; lastKnownFileType = sourcecode.c.h; path = b2Collision.h; sourceTree = "<group>"; };
		73C378340E5715AD00789EA9 /* b2Distance.cpp */ = {isa = PBXFileReference; fileEncoding = 4; lastKnownFileType = sourcecode.cpp.cpp; path = b2Distance.cpp; sourceTree = "<group>"; };
		73C378350E5715AD00789EA9 /* b2PairManager.cpp */ = {isa = PBXFileReference; fileEncoding = 4; lastKnownFileType = sourcecode.cpp.cpp; path = b2PairManager.cpp; sourceTree = "<group>"; };
		73C378360E5715AD00789EA9 /* b2PairManager.h */ = {isa = PBXFileReference; fileEncoding = 4; lastKnownFileType = sourcecode.c.h; path = b2PairManager.h; sourceTree = "<group>"; };
		73C378370E5715AD00789EA9 /* b2TimeOfImpact.cpp */ = {isa = PBXFileReference; fileEncoding = 4; lastKnownFileType = sourcecode.cpp.cpp; path = b2TimeOfImpact.cpp; sourceTree = "<group>"; };
		73C378390E5715AD00789EA9 /* b2CircleShape.cpp */ = {isa = PBXFileReference; fileEncoding = 4; lastKnownFileType = sourcecode.cpp.cpp; path = b2CircleShape.cpp; sourceTree = "<group>"; };
		73C3783A0E5715AD00789EA9 /* b2CircleShape.h */ = {isa = PBXFileReference; fileEncoding = 4; lastKnownFileType = sourcecode.c.h; path = b2CircleShape.h; sourceTree = "<group>"; };
		73C3783B0E5715AD00789EA9 /* b2PolygonShape.cpp */ = {isa = PBXFileReference; fileEncoding = 4; lastKnownFileType = sourcecode.cpp.cpp; path = b2PolygonShape.cpp; sourceTree = "<group>"; };
		73C3783C0E5715AD00789EA9 /* b2PolygonShape.h */ = {isa = PBXFileReference; fileEncoding = 4; lastKnownFileType = sourcecode.c.h; path = b2PolygonShape.h; sourceTree = "<group>"; };
		73C3783D0E5715AD00789EA9 /* b2Shape.cpp */ = {isa = PBXFileReference; fileEncoding = 4; lastKnownFileType = sourcecode.cpp.cpp; path = b2Shape.cpp; sourceTree = "<group>"; };
		73C3783E0E5715AD00789EA9 /* b2Shape.h */ = {isa = PBXFileReference; fileEncoding = 4; lastKnownFileType = sourcecode.c.h; path = b2Shape.h; sourceTree = "<group>"; };
		73C378400E5715AD00789EA9 /* b2BlockAllocator.cpp */ = {isa = PBXFileReference; fileEncoding = 4; lastKnownFileType = sourcecode.cpp.cpp; path = b2BlockAllocator.cpp; sourceTree = "<group>"; };
		73C378410E5715AD00789EA9 /* b2BlockAllocator.h */ = {isa = PBXFileReference; fileEncoding = 4; lastKnownFileType = sourcecode.c.h; path = b2BlockAllocator.h; sourceTree = "<group>"; };
		73C378420E5715AD00789EA9 /* b2Math.cpp */ = {isa = PBXFileReference; fileEncoding = 4; lastKnownFileType = sourcecode.cpp.cpp; path = b2Math.cpp; sourceTree = "<group>"; };
		73C378430E5715AD00789EA9 /* b2Math.h */ = {isa = PBXFileReference; fileEncoding = 4; lastKnownFileType = sourcecode.c.h; path = b2Math.h; sourceTree = "<group>"; };
		73C378440E5715AD00789EA9 /* b2Settings.cpp */ = {isa = PBXFileReference; fileEncoding = 4; lastKnownFileType = sourcecode.cpp.cpp; path = b2Settings.cpp; sourceTree = "<group>"; };
		73C378450E5715AD00789EA9 /* b2Settings.h */ = {isa = PBXFileReference; fileEncoding = 4; lastKnownFileType = sourcecode.c.h; path = b2Settings.h; sourceTree = "<group>"; };
		73C378460E5715AD00789EA9 /* b2StackAllocator.cpp */ = {isa = PBXFileReference; fileEncoding = 4; lastKnownFileType = sourcecode.cpp.cpp; path = b2StackAllocator.cpp; sourceTree = "<group>"; };
		73C378470E5715AD00789EA9 /* b2StackAllocator.h */ = {isa = PBXFileReference; fileEncoding = 4; lastKnownFileType = sourcecode.c.h; path = b2StackAllocator.h; sourceTree = "<group>"; };
		73C378480E5715AD00789EA9 /* Fixed.h */ = {isa = PBXFileReference; fileEncoding = 4; lastKnownFileType = sourcecode.c.h; path = Fixed.h; sourceTree = "<group>"; };
		73C378490E5715AD00789EA9 /* jtypes.h */ = {isa = PBXFileReference; fileEncoding = 4; lastKnownFileType = sourcecode.c.h; path = jtypes.h; sourceTree = "<group>"; };
		73C3784B0E5715AD00789EA9 /* b2Body.cpp */ = {isa = PBXFileReference; fileEncoding = 4; lastKnownFileType = sourcecode.cpp.cpp; path = b2Body.cpp; sourceTree = "<group>"; };
		73C3784C0E5715AD00789EA9 /* b2Body.h */ = {isa = PBXFileReference; fileEncoding = 4; lastKnownFileType = sourcecode.c.h; path = b2Body.h; sourceTree = "<group>"; };
		73C3784D0E5715AD00789EA9 /* b2ContactManager.cpp */ = {isa = PBXFileReference; fileEncoding = 4; lastKnownFileType = sourcecode.cpp.cpp; path = b2ContactManager.cpp; sourceTree = "<group>"; };
		73C3784E0E5715AD00789EA9 /* b2ContactManager.h */ = {isa = PBXFileReference; fileEncoding = 4; lastKnownFileType = sourcecode.c.h; path = b2ContactManager.h; sourceTree = "<group>"; };
		73C3784F0E5715AD00789EA9 /* b2Island.cpp */ = {isa = PBXFileReference; fileEncoding = 4; lastKnownFileType = sourcecode.cpp.cpp; path = b2Island.cpp; sourceTree = "<group>"; };
		73C378500E5715AD00789EA9 /* b2Island.h */ = {isa = PBXFileReference; fileEncoding = 4; lastKnownFileType = sourcecode.c.h; path = b2Island.h; sourceTree = "<group>"; };
		73C378510E5715AD00789EA9 /* b2World.cpp */ = {isa = PBXFileReference; fileEncoding = 4; lastKnownFileType = sourcecode.cpp.cpp; path = b2World.cpp; sourceTree = "<group>"; };
		73C378520E5715AD00789EA9 /* b2World.h */ = {isa = PBXFileReference; fileEncoding = 4; lastKnownFileType = sourcecode.c.h; path = b2World.h; sourceTree = "<group>"; };
		73C378530E5715AD00789EA9 /* b2WorldCallbacks.cpp */ = {isa = PBXFileReference; fileEncoding = 4; lastKnownFileType = sourcecode.cpp.cpp; path = b2WorldCallbacks.cpp; sourceTree = "<group>"; };
		73C378540E5715AD00789EA9 /* b2WorldCallbacks.h */ = {isa = PBXFileReference; fileEncoding = 4; lastKnownFileType = sourcecode.c.h; path = b2WorldCallbacks.h; sourceTree = "<group>"; };
		73C378560E5715AD00789EA9 /* b2CircleContact.cpp */ = {isa = PBXFileReference; fileEncoding = 4; lastKnownFileType = sourcecode.cpp.cpp; path = b2CircleContact.cpp; sourceTree = "<group>"; };
		73C378570E5715AD00789EA9 /* b2CircleContact.h */ = {isa = PBXFileReference; fileEncoding = 4; lastKnownFileType = sourcecode.c.h; path = b2CircleContact.h; sourceTree = "<group>"; };
		73C378580E5715AD00789EA9 /* b2Contact.cpp */ = {isa = PBXFileReference; fileEncoding = 4; lastKnownFileType = sourcecode.cpp.cpp; path = b2Contact.cpp; sourceTree = "<group>"; };
		73C378590E5715AD00789EA9 /* b2Contact.h */ = {isa = PBXFileReference; fileEncoding = 4; lastKnownFileType = sourcecode.c.h; path = b2Contact.h; sourceTree = "<group>"; };
		73C3785A0E5715AD00789EA9 /* b2ContactSolver.cpp */ = {isa = PBXFileReference; fileEncoding = 4; lastKnownFileType = sourcecode.cpp.cpp; path = b2ContactSolver.cpp; sourceTree = "<group>"; };
		73C3785B0E5715AD00789EA9 /* b2ContactSolver.h */ = {isa = PBXFileReference; fileEncoding = 4; lastKnownFileType = sourcecode.c.h; path = b2ContactSolver.h; sourceTree = "<group>"; };
		73C3785C0E5715AD00789EA9 /* b2NullContact.h */ = {isa = PBXFileReference; fileEncoding = 4; lastKnownFileType = sourcecode.c.h; path = b2NullContact.h; sourceTree = "<group>"; };
		73C3785D0E5715AD00789EA9 /* b2PolyAndCircleContact.cpp */ = {isa = PBXFileReference; fileEncoding = 4; lastKnownFileType = sourcecode.cpp.cpp; path = b2PolyAndCircleContact.cpp; sourceTree = "<group>"; };
		73C3785E0E5715AD00789EA9 /* b2PolyAndCircleContact.h */ = {isa = PBXFileReference; fileEncoding = 4; lastKnownFileType = sourcecode.c.h; path = b2PolyAndCircleContact.h; sourceTree = "<group>"; };
		73C3785F0E5715AD00789EA9 /* b2PolyContact.cpp */ = {isa = PBXFileReference; fileEncoding = 4; lastKnownFileType = sourcecode.cpp.cpp; path = b2PolyContact.cpp; sourceTree = "<group>"; };
		73C378600E5715AD00789EA9 /* b2PolyContact.h */ = {isa = PBXFileReference; fileEncoding = 4; lastKnownFileType = sourcecode.c.h; path = b2PolyContact.h; sourceTree = "<group>"; };
		73C378620E5715AD00789EA9 /* b2DistanceJoint.cpp */ = {isa = PBXFileReference; fileEncoding = 4; lastKnownFileType = sourcecode.cpp.cpp; path = b2DistanceJoint.cpp; sourceTree = "<group>"; };
		73C378630E5715AD00789EA9 /* b2DistanceJoint.h */ = {isa = PBXFileReference; fileEncoding = 4; lastKnownFileType = sourcecode.c.h; path = b2DistanceJoint.h; sourceTree = "<group>"; };
		73C378640E5715AD00789EA9 /* b2GearJoint.cpp */ = {isa = PBXFileReference; fileEncoding = 4; lastKnownFileType = sourcecode.cpp.cpp; path = b2GearJoint.cpp; sourceTree = "<group>"; };
		73C378650E5715AD00789EA9 /* b2GearJoint.h */ = {isa = PBXFileReference; fileEncoding = 4; lastKnownFileType = sourcecode.c.h; path = b2GearJoint.h; sourceTree = "<group>"; };
		73C378660E5715AD00789EA9 /* b2Joint.cpp */ = {isa = PBXFileReference; fileEncoding = 4; lastKnownFileType = sourcecode.cpp.cpp; path = b2Joint.cpp; sourceTree = "<group>"; };
		73C378670E5715AD00789EA9 /* b2Joint.h */ = {isa = PBXFileReference; fileEncoding = 4; lastKnownFileType = sourcecode.c.h; path = b2Joint.h; sourceTree = "<group>"; };
		73C378680E5715AD00789EA9 /* b2MouseJoint.cpp */ = {isa = PBXFileReference; fileEncoding = 4; lastKnownFileType = sourcecode.cpp.cpp; path = b2MouseJoint.cpp; sourceTree = "<group>"; };
		73C378690E5715AD00789EA9 /* b2MouseJoint.h */ = {isa = PBXFileReference; fileEncoding = 4; lastKnownFileType = sourcecode.c.h; path = b2MouseJoint.h; sourceTree = "<group>"; };
		73C3786A0E5715AD00789EA9 /* b2PrismaticJoint.cpp */ = {isa = PBXFileReference; fileEncoding = 4; lastKnownFileType = sourcecode.cpp.cpp; path = b2PrismaticJoint.cpp; sourceTree = "<group>"; };
		73C3786B0E5715AD00789EA9 /* b2PrismaticJoint.h */ = {isa = PBXFileReference; fileEncoding = 4; lastKnownFileType = sourcecode.c.h; path = b2PrismaticJoint.h; sourceTree = "<group>"; };
		73C3786C0E5715AD00789EA9 /* b2PulleyJoint.cpp */ = {isa = PBXFileReference; fileEncoding = 4; lastKnownFileType = sourcecode.cpp.cpp; path = b2PulleyJoint.cpp; sourceTree = "<group>"; };
		73C3786D0E5715AD00789EA9 /* b2PulleyJoint.h */ = {isa = PBXFileReference; fileEncoding = 4; lastKnownFileType = sourcecode.c.h; path = b2PulleyJoint.h; sourceTree = "<group>"; };
		73C3786E0E5715AD00789EA9 /* b2RevoluteJoint.cpp */ = {isa = PBXFileReference; fileEncoding = 4; lastKnownFileType = sourcecode.cpp.cpp; path = b2RevoluteJoint.cpp; sourceTree = "<group>"; };
		73C3786F0E5715AD00789EA9 /* b2RevoluteJoint.h */ = {isa = PBXFileReference; fileEncoding = 4; lastKnownFileType = sourcecode.c.h; path = b2RevoluteJoint.h; sourceTree = "<group>"; };
		8D1107310486CEB800E47090 /* Info.plist */ = {isa = PBXFileReference; fileEncoding = 4; lastKnownFileType = text.plist.xml; path = Info.plist; sourceTree = "<group>"; };
/* End PBXFileReference section */

/* Begin PBXFrameworksBuildPhase section */
		1D60588F0D05DD3D006BFB54 /* Frameworks */ = {
			isa = PBXFrameworksBuildPhase;
			buildActionMask = 2147483647;
			files = (
				1D60589F0D05DD5A006BFB54 /* Foundation.framework in Frameworks */,
				1DF5F4E00D08C38300B7A737 /* UIKit.framework in Frameworks */,
				737869950E54AC5700B26209 /* OpenGLES.framework in Frameworks */,
				737869A30E54ACA400B26209 /* CoreGraphics.framework in Frameworks */,
				730B25B10E54D88800FD059A /* QuartzCore.framework in Frameworks */,
				739056250E5C21CD00BFBC53 /* AudioToolbox.framework in Frameworks */,
				739056290E5C21E300BFBC53 /* CoreAudio.framework in Frameworks */,
				739056BE0E5C225000BFBC53 /* OpenAL.framework in Frameworks */,
			);
			runOnlyForDeploymentPostprocessing = 0;
		};
/* End PBXFrameworksBuildPhase section */

/* Begin PBXGroup section */
		080E96DDFE201D6D7F000001 /* Classes */ = {
			isa = PBXGroup;
			children = (
				1D3623240D0F684500981E51 /* AppDelegate.h */,
				1D3623250D0F684500981E51 /* AppDelegate.m */,
				73B37D800E5D1D9A00724D45 /* DebugDraw.h */,
				73B37D810E5D1D9A00724D45 /* DebugDraw.mm */,
			);
			path = Classes;
			sourceTree = "<group>";
		};
		19C28FACFE9D520D11CA2CBB /* Products */ = {
			isa = PBXGroup;
			children = (
				1D6058910D05DD3D006BFB54 /* Sandbox.app */,
			);
			name = Products;
			sourceTree = "<group>";
		};
		29B97314FDCFA39411CA2CEA /* CustomTemplate */ = {
			isa = PBXGroup;
			children = (
				73783AA90E4EC8A400FC7E0F /* Model Classes */,
				730489790E4ADEB3003A6580 /* Controller Classes */,
				7378671F0E54317E00B26209 /* View Classes */,
				733E1D2D0E55737200D92463 /* Vendor Classes */,
				080E96DDFE201D6D7F000001 /* Classes */,
				29B97315FDCFA39411CA2CEA /* Other Sources */,
				29B97317FDCFA39411CA2CEA /* Resources */,
				29B97323FDCFA39411CA2CEA /* Frameworks */,
				19C28FACFE9D520D11CA2CBB /* Products */,
			);
			name = CustomTemplate;
			sourceTree = "<group>";
		};
		29B97315FDCFA39411CA2CEA /* Other Sources */ = {
			isa = PBXGroup;
			children = (
				32CA4F630368D1EE00C91783 /* Sandbox_Prefix.pch */,
				29B97316FDCFA39411CA2CEA /* main.m */,
			);
			name = "Other Sources";
			sourceTree = "<group>";
		};
		29B97317FDCFA39411CA2CEA /* Resources */ = {
			isa = PBXGroup;
			children = (
				737867B80E54562C00B26209 /* Sounds */,
				737867AE0E54560900B26209 /* Images */,
				735DE9200E4BC415009B2A88 /* ConsoleViewController.xib */,
				735DE91E0E4BC415009B2A88 /* MainWindow.xib */,
				735DE91F0E4BC415009B2A88 /* MainViewController.xib */,
				737868880E545C2200B26209 /* PongViewController.xib */,
				8D1107310486CEB800E47090 /* Info.plist */,
				730B261E0E54DE6900FD059A /* icon.png */,
			);
			name = Resources;
			sourceTree = "<group>";
		};
		29B97323FDCFA39411CA2CEA /* Frameworks */ = {
			isa = PBXGroup;
			children = (
				739056240E5C21CD00BFBC53 /* AudioToolbox.framework */,
				739056280E5C21E300BFBC53 /* CoreAudio.framework */,
				737869A20E54ACA400B26209 /* CoreGraphics.framework */,
				1D30AB110D05D00D00671497 /* Foundation.framework */,
				739056BD0E5C225000BFBC53 /* OpenAL.framework */,
				737869940E54AC5700B26209 /* OpenGLES.framework */,
				730B25B00E54D88800FD059A /* QuartzCore.framework */,
				1DF5F4DF0D08C38300B7A737 /* UIKit.framework */,
			);
			name = Frameworks;
			sourceTree = "<group>";
		};
		730489790E4ADEB3003A6580 /* Controller Classes */ = {
			isa = PBXGroup;
			children = (
				735DE9180E4BC3F8009B2A88 /* ConsoleViewController.h */,
				735DE9190E4BC3F8009B2A88 /* ConsoleViewController.m */,
				735DE91A0E4BC3F8009B2A88 /* MainViewController.h */,
				735DE91B0E4BC3F8009B2A88 /* MainViewController.m */,
				7322058E0E52BE1B006E5599 /* PongViewController.h */,
				730584F70E5717D90051D533 /* PongViewController.mm */,
				730B23930E54C75C00FD059A /* TictactoeViewController.h */,
				730584F60E5717D90051D533 /* TictactoeViewController.mm */,
			);
			name = "Controller Classes";
			sourceTree = "<group>";
		};
		733E1D2D0E55737200D92463 /* Vendor Classes */ = {
			isa = PBXGroup;
			children = (
				73C378280E57159C00789EA9 /* Box2D */,
				73C378230E57159600789EA9 /* EAGLView.h */,
				73C378220E57159600789EA9 /* EAGLView.m */,
				7376D72F0E5E28D000B72D23 /* glu.h */,
				7376D72E0E5E28D000B72D23 /* glu.cpp */,
				739055E30E5C210500BFBC53 /* SoundEngine.h */,
				739055E40E5C210500BFBC53 /* SoundEngine.cpp */,
				73C378240E57159600789EA9 /* Texture2D.h */,
				73C378210E57159600789EA9 /* Texture2D.m */,
			);
			name = "Vendor Classes";
			sourceTree = "<group>";
		};
		73783AA90E4EC8A400FC7E0F /* Model Classes */ = {
			isa = PBXGroup;
			children = (
			);
			name = "Model Classes";
			sourceTree = "<group>";
		};
		7378671F0E54317E00B26209 /* View Classes */ = {
			isa = PBXGroup;
			children = (
				737867260E54334F00B26209 /* PongView.h */,
				737867270E54334F00B26209 /* PongView.m */,
				732491910E85DAEA004879FB /* TictactoeGameView.h */,
				732491920E85DAEA004879FB /* TictactoeGameView.m */,
			);
			name = "View Classes";
			sourceTree = "<group>";
		};
		737867AE0E54560900B26209 /* Images */ = {
			isa = PBXGroup;
			children = (
				730B26270E54DE9600FD059A /* background.png */,
				737867DD0E54568E00B26209 /* ball.png */,
				737867DE0E54568E00B26209 /* paddle.png */,
				737867E30E54573100B26209 /* title.png */,
				737867E10E5456C500B26209 /* touchpad.png */,
			);
			name = Images;
			sourceTree = "<group>";
		};
		737867B80E54562C00B26209 /* Sounds */ = {
			isa = PBXGroup;
			children = (
			);
			name = Sounds;
			sourceTree = "<group>";
		};
		73C378280E57159C00789EA9 /* Box2D */ = {
			isa = PBXGroup;
			children = (
				73C3782A0E5715AD00789EA9 /* Include */,
				73C3782C0E5715AD00789EA9 /* Source */,
			);
			name = Box2D;
			sourceTree = "<group>";
		};
		73C3782A0E5715AD00789EA9 /* Include */ = {
			isa = PBXGroup;
			children = (
				73C3782B0E5715AD00789EA9 /* Box2D.h */,
			);
			name = Include;
			path = Vendors/Box2D/Include;
			sourceTree = "<group>";
		};
		73C3782C0E5715AD00789EA9 /* Source */ = {
			isa = PBXGroup;
			children = (
				73C3782D0E5715AD00789EA9 /* Collision */,
				73C3783F0E5715AD00789EA9 /* Common */,
				73C3784A0E5715AD00789EA9 /* Dynamics */,
			);
			name = Source;
			path = Vendors/Box2D/Source;
			sourceTree = "<group>";
		};
		73C3782D0E5715AD00789EA9 /* Collision */ = {
			isa = PBXGroup;
			children = (
				73C3782E0E5715AD00789EA9 /* b2BroadPhase.cpp */,
				73C3782F0E5715AD00789EA9 /* b2BroadPhase.h */,
				73C378300E5715AD00789EA9 /* b2CollideCircle.cpp */,
				73C378310E5715AD00789EA9 /* b2CollidePoly.cpp */,
				73C378320E5715AD00789EA9 /* b2Collision.cpp */,
				73C378330E5715AD00789EA9 /* b2Collision.h */,
				73C378340E5715AD00789EA9 /* b2Distance.cpp */,
				73C378350E5715AD00789EA9 /* b2PairManager.cpp */,
				73C378360E5715AD00789EA9 /* b2PairManager.h */,
				73C378370E5715AD00789EA9 /* b2TimeOfImpact.cpp */,
				73C378380E5715AD00789EA9 /* Shapes */,
			);
			path = Collision;
			sourceTree = "<group>";
		};
		73C378380E5715AD00789EA9 /* Shapes */ = {
			isa = PBXGroup;
			children = (
				73C378390E5715AD00789EA9 /* b2CircleShape.cpp */,
				73C3783A0E5715AD00789EA9 /* b2CircleShape.h */,
				73C3783B0E5715AD00789EA9 /* b2PolygonShape.cpp */,
				73C3783C0E5715AD00789EA9 /* b2PolygonShape.h */,
				73C3783D0E5715AD00789EA9 /* b2Shape.cpp */,
				73C3783E0E5715AD00789EA9 /* b2Shape.h */,
			);
			path = Shapes;
			sourceTree = "<group>";
		};
		73C3783F0E5715AD00789EA9 /* Common */ = {
			isa = PBXGroup;
			children = (
				73C378400E5715AD00789EA9 /* b2BlockAllocator.cpp */,
				73C378410E5715AD00789EA9 /* b2BlockAllocator.h */,
				73C378420E5715AD00789EA9 /* b2Math.cpp */,
				73C378430E5715AD00789EA9 /* b2Math.h */,
				73C378440E5715AD00789EA9 /* b2Settings.cpp */,
				73C378450E5715AD00789EA9 /* b2Settings.h */,
				73C378460E5715AD00789EA9 /* b2StackAllocator.cpp */,
				73C378470E5715AD00789EA9 /* b2StackAllocator.h */,
				73C378480E5715AD00789EA9 /* Fixed.h */,
				73C378490E5715AD00789EA9 /* jtypes.h */,
			);
			path = Common;
			sourceTree = "<group>";
		};
		73C3784A0E5715AD00789EA9 /* Dynamics */ = {
			isa = PBXGroup;
			children = (
				73C3784B0E5715AD00789EA9 /* b2Body.cpp */,
				73C3784C0E5715AD00789EA9 /* b2Body.h */,
				73C3784D0E5715AD00789EA9 /* b2ContactManager.cpp */,
				73C3784E0E5715AD00789EA9 /* b2ContactManager.h */,
				73C3784F0E5715AD00789EA9 /* b2Island.cpp */,
				73C378500E5715AD00789EA9 /* b2Island.h */,
				73C378510E5715AD00789EA9 /* b2World.cpp */,
				73C378520E5715AD00789EA9 /* b2World.h */,
				73C378530E5715AD00789EA9 /* b2WorldCallbacks.cpp */,
				73C378540E5715AD00789EA9 /* b2WorldCallbacks.h */,
				73C378550E5715AD00789EA9 /* Contacts */,
				73C378610E5715AD00789EA9 /* Joints */,
			);
			path = Dynamics;
			sourceTree = "<group>";
		};
		73C378550E5715AD00789EA9 /* Contacts */ = {
			isa = PBXGroup;
			children = (
				73C378560E5715AD00789EA9 /* b2CircleContact.cpp */,
				73C378570E5715AD00789EA9 /* b2CircleContact.h */,
				73C378580E5715AD00789EA9 /* b2Contact.cpp */,
				73C378590E5715AD00789EA9 /* b2Contact.h */,
				73C3785A0E5715AD00789EA9 /* b2ContactSolver.cpp */,
				73C3785B0E5715AD00789EA9 /* b2ContactSolver.h */,
				73C3785C0E5715AD00789EA9 /* b2NullContact.h */,
				73C3785D0E5715AD00789EA9 /* b2PolyAndCircleContact.cpp */,
				73C3785E0E5715AD00789EA9 /* b2PolyAndCircleContact.h */,
				73C3785F0E5715AD00789EA9 /* b2PolyContact.cpp */,
				73C378600E5715AD00789EA9 /* b2PolyContact.h */,
			);
			path = Contacts;
			sourceTree = "<group>";
		};
		73C378610E5715AD00789EA9 /* Joints */ = {
			isa = PBXGroup;
			children = (
				73C378620E5715AD00789EA9 /* b2DistanceJoint.cpp */,
				73C378630E5715AD00789EA9 /* b2DistanceJoint.h */,
				73C378640E5715AD00789EA9 /* b2GearJoint.cpp */,
				73C378650E5715AD00789EA9 /* b2GearJoint.h */,
				73C378660E5715AD00789EA9 /* b2Joint.cpp */,
				73C378670E5715AD00789EA9 /* b2Joint.h */,
				73C378680E5715AD00789EA9 /* b2MouseJoint.cpp */,
				73C378690E5715AD00789EA9 /* b2MouseJoint.h */,
				73C3786A0E5715AD00789EA9 /* b2PrismaticJoint.cpp */,
				73C3786B0E5715AD00789EA9 /* b2PrismaticJoint.h */,
				73C3786C0E5715AD00789EA9 /* b2PulleyJoint.cpp */,
				73C3786D0E5715AD00789EA9 /* b2PulleyJoint.h */,
				73C3786E0E5715AD00789EA9 /* b2RevoluteJoint.cpp */,
				73C3786F0E5715AD00789EA9 /* b2RevoluteJoint.h */,
			);
			path = Joints;
			sourceTree = "<group>";
		};
/* End PBXGroup section */

/* Begin PBXNativeTarget section */
		1D6058900D05DD3D006BFB54 /* Sandbox */ = {
			isa = PBXNativeTarget;
			buildConfigurationList = 1D6058960D05DD3E006BFB54 /* Build configuration list for PBXNativeTarget "Sandbox" */;
			buildPhases = (
				1D60588D0D05DD3D006BFB54 /* Resources */,
				1D60588E0D05DD3D006BFB54 /* Sources */,
				1D60588F0D05DD3D006BFB54 /* Frameworks */,
			);
			buildRules = (
			);
			dependencies = (
			);
			name = Sandbox;
			productName = Sandbox;
			productReference = 1D6058910D05DD3D006BFB54 /* Sandbox.app */;
			productType = "com.apple.product-type.application";
		};
/* End PBXNativeTarget section */

/* Begin PBXProject section */
		29B97313FDCFA39411CA2CEA /* Project object */ = {
			isa = PBXProject;
			buildConfigurationList = C01FCF4E08A954540054247B /* Build configuration list for PBXProject "Sandbox" */;
			compatibilityVersion = "Xcode 3.1";
			hasScannedForEncodings = 1;
			mainGroup = 29B97314FDCFA39411CA2CEA /* CustomTemplate */;
			projectDirPath = "";
			projectRoot = "";
			targets = (
				1D6058900D05DD3D006BFB54 /* Sandbox */,
			);
		};
/* End PBXProject section */

/* Begin PBXResourcesBuildPhase section */
		1D60588D0D05DD3D006BFB54 /* Resources */ = {
			isa = PBXResourcesBuildPhase;
			buildActionMask = 2147483647;
			files = (
				735DE9210E4BC415009B2A88 /* MainWindow.xib in Resources */,
				735DE9220E4BC415009B2A88 /* MainViewController.xib in Resources */,
				735DE9230E4BC415009B2A88 /* ConsoleViewController.xib in Resources */,
				737867DF0E54568E00B26209 /* ball.png in Resources */,
				737867E00E54568E00B26209 /* paddle.png in Resources */,
				737867E20E5456C500B26209 /* touchpad.png in Resources */,
				737867E40E54573100B26209 /* title.png in Resources */,
				737868890E545C2200B26209 /* PongViewController.xib in Resources */,
				730B261F0E54DE6900FD059A /* icon.png in Resources */,
				730B26280E54DE9600FD059A /* background.png in Resources */,
			);
			runOnlyForDeploymentPostprocessing = 0;
		};
/* End PBXResourcesBuildPhase section */

/* Begin PBXSourcesBuildPhase section */
		1D60588E0D05DD3D006BFB54 /* Sources */ = {
			isa = PBXSourcesBuildPhase;
			buildActionMask = 2147483647;
			files = (
				1D60589B0D05DD56006BFB54 /* main.m in Sources */,
				1D3623260D0F684500981E51 /* AppDelegate.m in Sources */,
				735DE91C0E4BC3F8009B2A88 /* ConsoleViewController.m in Sources */,
				735DE91D0E4BC3F8009B2A88 /* MainViewController.m in Sources */,
				737867280E54334F00B26209 /* PongView.m in Sources */,
				73C378250E57159600789EA9 /* Texture2D.m in Sources */,
				73C378260E57159600789EA9 /* EAGLView.m in Sources */,
				73C378700E5715AD00789EA9 /* b2BroadPhase.cpp in Sources */,
				73C378710E5715AD00789EA9 /* b2CollideCircle.cpp in Sources */,
				73C378720E5715AD00789EA9 /* b2CollidePoly.cpp in Sources */,
				73C378730E5715AD00789EA9 /* b2Collision.cpp in Sources */,
				73C378740E5715AD00789EA9 /* b2Distance.cpp in Sources */,
				73C378750E5715AD00789EA9 /* b2PairManager.cpp in Sources */,
				73C378760E5715AD00789EA9 /* b2TimeOfImpact.cpp in Sources */,
				73C378770E5715AD00789EA9 /* b2CircleShape.cpp in Sources */,
				73C378780E5715AD00789EA9 /* b2PolygonShape.cpp in Sources */,
				73C378790E5715AD00789EA9 /* b2Shape.cpp in Sources */,
				73C3787A0E5715AD00789EA9 /* b2BlockAllocator.cpp in Sources */,
				73C3787B0E5715AD00789EA9 /* b2Math.cpp in Sources */,
				73C3787C0E5715AD00789EA9 /* b2Settings.cpp in Sources */,
				73C3787D0E5715AD00789EA9 /* b2StackAllocator.cpp in Sources */,
				73C3787E0E5715AD00789EA9 /* b2Body.cpp in Sources */,
				73C3787F0E5715AD00789EA9 /* b2ContactManager.cpp in Sources */,
				73C378800E5715AD00789EA9 /* b2Island.cpp in Sources */,
				73C378810E5715AD00789EA9 /* b2World.cpp in Sources */,
				73C378820E5715AD00789EA9 /* b2WorldCallbacks.cpp in Sources */,
				73C378830E5715AD00789EA9 /* b2CircleContact.cpp in Sources */,
				73C378840E5715AD00789EA9 /* b2Contact.cpp in Sources */,
				73C378850E5715AD00789EA9 /* b2ContactSolver.cpp in Sources */,
				73C378860E5715AD00789EA9 /* b2PolyAndCircleContact.cpp in Sources */,
				73C378870E5715AD00789EA9 /* b2PolyContact.cpp in Sources */,
				73C378880E5715AD00789EA9 /* b2DistanceJoint.cpp in Sources */,
				73C378890E5715AD00789EA9 /* b2GearJoint.cpp in Sources */,
				73C3788A0E5715AD00789EA9 /* b2Joint.cpp in Sources */,
				73C3788B0E5715AD00789EA9 /* b2MouseJoint.cpp in Sources */,
				73C3788C0E5715AD00789EA9 /* b2PrismaticJoint.cpp in Sources */,
				73C3788D0E5715AD00789EA9 /* b2PulleyJoint.cpp in Sources */,
				73C3788E0E5715AD00789EA9 /* b2RevoluteJoint.cpp in Sources */,
				730584F80E5717D90051D533 /* TictactoeViewController.mm in Sources */,
				730584F90E5717D90051D533 /* PongViewController.mm in Sources */,
				739055E50E5C210500BFBC53 /* SoundEngine.cpp in Sources */,
				73B37D820E5D1D9A00724D45 /* DebugDraw.mm in Sources */,
				7376D7300E5E28D000B72D23 /* glu.cpp in Sources */,
				732491930E85DAEA004879FB /* TictactoeGameView.m in Sources */,
			);
			runOnlyForDeploymentPostprocessing = 0;
		};
/* End PBXSourcesBuildPhase section */

/* Begin XCBuildConfiguration section */
		1D6058940D05DD3E006BFB54 /* Debug */ = {
			isa = XCBuildConfiguration;
			buildSettings = {
				ALWAYS_SEARCH_USER_PATHS = NO;
				COPY_PHASE_STRIP = NO;
				GCC_DYNAMIC_NO_PIC = NO;
				GCC_OPTIMIZATION_LEVEL = 0;
				GCC_PRECOMPILE_PREFIX_HEADER = YES;
				GCC_PREFIX_HEADER = Sandbox_Prefix.pch;
				INFOPLIST_FILE = Info.plist;
				PRODUCT_NAME = Sandbox;
			};
			name = Debug;
		};
		1D6058950D05DD3E006BFB54 /* Release */ = {
			isa = XCBuildConfiguration;
			buildSettings = {
				ALWAYS_SEARCH_USER_PATHS = NO;
				COPY_PHASE_STRIP = YES;
				GCC_PRECOMPILE_PREFIX_HEADER = YES;
				GCC_PREFIX_HEADER = Sandbox_Prefix.pch;
				INFOPLIST_FILE = Info.plist;
				PRODUCT_NAME = Sandbox;
			};
			name = Release;
		};
		C01FCF4F08A954540054247B /* Debug */ = {
			isa = XCBuildConfiguration;
			buildSettings = {
				ARCHS = "$(ARCHS_STANDARD_32_BIT)";
				"CODE_SIGN_IDENTITY[sdk=iphoneos*]" = "iPhone Developer";
				GCC_C_LANGUAGE_STANDARD = c99;
				GCC_WARN_ABOUT_RETURN_TYPE = YES;
				GCC_WARN_UNUSED_VARIABLE = YES;
				ONLY_ACTIVE_ARCH = YES;
				PREBINDING = NO;
				SDKROOT = iphoneos2.1;
			};
			name = Debug;
		};
		C01FCF5008A954540054247B /* Release */ = {
			isa = XCBuildConfiguration;
			buildSettings = {
				ARCHS = "$(ARCHS_STANDARD_32_BIT)";
				"CODE_SIGN_IDENTITY[sdk=iphoneos*]" = "iPhone Developer";
				GCC_C_LANGUAGE_STANDARD = c99;
				GCC_WARN_ABOUT_RETURN_TYPE = YES;
				GCC_WARN_UNUSED_VARIABLE = YES;
				PREBINDING = NO;
				SDKROOT = iphoneos2.1;
			};
			name = Release;
		};
/* End XCBuildConfiguration section */

/* Begin XCConfigurationList section */
		1D6058960D05DD3E006BFB54 /* Build configuration list for PBXNativeTarget "Sandbox" */ = {
			isa = XCConfigurationList;
			buildConfigurations = (
				1D6058940D05DD3E006BFB54 /* Debug */,
				1D6058950D05DD3E006BFB54 /* Release */,
			);
			defaultConfigurationIsVisible = 0;
			defaultConfigurationName = Release;
		};
		C01FCF4E08A954540054247B /* Build configuration list for PBXProject "Sandbox" */ = {
			isa = XCConfigurationList;
			buildConfigurations = (
				C01FCF4F08A954540054247B /* Debug */,
				C01FCF5008A954540054247B /* Release */,
			);
			defaultConfigurationIsVisible = 0;
			defaultConfigurationName = Release;
		};
/* End XCConfigurationList section */
	};
	rootObject = 29B97313FDCFA39411CA2CEA /* Project object */;
}
